
Microsoft Visual Studio Solution File, Format Version 12.00
# Visual Studio Version 16
VisualStudioVersion = 16.0.29123.88
MinimumVisualStudioVersion = 10.0.40219.1
Project("{2150E333-8FDC-42A3-9474-1A3956D46DE8}") = "Exercise1", "Exercise1", "{E38B3025-ECF5-48DB-BA86-905F0017FBE8}"
EndProject
Project("{FAE04EC0-301F-11D3-BF4B-00C04F79EFBC}") = "Any15", "Any15\Any15.csproj", "{2784F86C-EE5B-4176-AC79-EA0DB762CCFE}"
EndProject
Project("{FAE04EC0-301F-11D3-BF4B-00C04F79EFBC}") = "Any15.Tests", "Any15.Tests\Any15.Tests.csproj", "{7D6EED9E-D797-4824-96AD-6C61919CFB48}"
EndProject
Project("{2150E333-8FDC-42A3-9474-1A3956D46DE8}") = "Exercise2", "Exercise2", "{C9EA26D9-80F1-433C-8546-C2B5FB7CA8A4}"
EndProject
Project("{FAE04EC0-301F-11D3-BF4B-00C04F79EFBC}") = "OddOrEven", "IsOddOrEven\OddOrEven.csproj", "{8CD08792-C485-40ED-B176-9D55F3339EA9}"
EndProject
Project("{FAE04EC0-301F-11D3-BF4B-00C04F79EFBC}") = "OddOrEven.Tests", "OddOrEven.Tests\OddOrEven.Tests.csproj", "{A25F423B-455C-4151-9521-E1E9943B3D21}"
EndProject
Project("{2150E333-8FDC-42A3-9474-1A3956D46DE8}") = "Exercise6", "Exercise6", "{B46D4C42-D96B-4110-83AB-212680D39578}"
EndProject
Project("{FAE04EC0-301F-11D3-BF4B-00C04F79EFBC}") = "CozaWozaLoza", "CozaWozaLoza\CozaWozaLoza.csproj", "{9BE9CFA2-F554-4157-BD0D-5706976976A5}"
EndProject
Project("{FAE04EC0-301F-11D3-BF4B-00C04F79EFBC}") = "CozaWozaLoza.Tests", "CozaWozaLoza.Tests\CozaWozaLoza.Tests.csproj", "{917D7DF1-D308-4A1D-89E0-EDFD599922F2}"
EndProject
Project("{2150E333-8FDC-42A3-9474-1A3956D46DE8}") = "Exercise7", "Exercise7", "{46959E8A-FD31-41AE-A195-E03D0DF945B4}"
EndProject
Project("{2150E333-8FDC-42A3-9474-1A3956D46DE8}") = "Exercise8", "Exercise8", "{BAA0D464-A08E-40E6-B43A-10568C3E7F1E}"
EndProject
Project("{2150E333-8FDC-42A3-9474-1A3956D46DE8}") = "Exercise10", "Exercise10", "{55147406-6621-4841-9E65-C28AAD03884C}"
EndProject
Project("{FAE04EC0-301F-11D3-BF4B-00C04F79EFBC}") = "CalculateArea", "CalculateArea\CalculateArea.csproj", "{E0B922C4-1573-4C80-84A7-E25C116B0DBD}"
EndProject
Project("{FAE04EC0-301F-11D3-BF4B-00C04F79EFBC}") = "CalculateArea.Tests", "CalculateArea.Tests\CalculateArea.Tests.csproj", "{7A8482A6-8F12-43A6-BA2F-FB925BB3611A}"
EndProject
Project("{FAE04EC0-301F-11D3-BF4B-00C04F79EFBC}") = "SalaryCalculator", "SalaryCalculator\SalaryCalculator.csproj", "{597079E1-989A-4A4E-8059-1313CE59096D}"
EndProject
Project("{FAE04EC0-301F-11D3-BF4B-00C04F79EFBC}") = "SalaryCalculator.Tests", "SalaryCalculator.Tests\SalaryCalculator.Tests.csproj", "{73C4F857-4BB3-4E86-BEF8-F46C2AF328D8}"
EndProject
Project("{FAE04EC0-301F-11D3-BF4B-00C04F79EFBC}") = "GravityCalculator", "GravityCalculator\GravityCalculator.csproj", "{0B752F44-71A1-4898-BD83-6B767345C625}"
EndProject
Project("{FAE04EC0-301F-11D3-BF4B-00C04F79EFBC}") = "GravityCalculator.Tests", "GravityCalculator.Tests\GravityCalculator.Tests.csproj", "{78206FAB-2D28-4AB1-9A2D-32C07769941D}"
EndProject
Global
	GlobalSection(SolutionConfigurationPlatforms) = preSolution
		Debug|Any CPU = Debug|Any CPU
		Release|Any CPU = Release|Any CPU
	EndGlobalSection
	GlobalSection(ProjectConfigurationPlatforms) = postSolution
		{2784F86C-EE5B-4176-AC79-EA0DB762CCFE}.Debug|Any CPU.ActiveCfg = Debug|Any CPU
		{2784F86C-EE5B-4176-AC79-EA0DB762CCFE}.Debug|Any CPU.Build.0 = Debug|Any CPU
		{2784F86C-EE5B-4176-AC79-EA0DB762CCFE}.Release|Any CPU.ActiveCfg = Release|Any CPU
		{2784F86C-EE5B-4176-AC79-EA0DB762CCFE}.Release|Any CPU.Build.0 = Release|Any CPU
		{7D6EED9E-D797-4824-96AD-6C61919CFB48}.Debug|Any CPU.ActiveCfg = Debug|Any CPU
		{7D6EED9E-D797-4824-96AD-6C61919CFB48}.Debug|Any CPU.Build.0 = Debug|Any CPU
		{7D6EED9E-D797-4824-96AD-6C61919CFB48}.Release|Any CPU.ActiveCfg = Release|Any CPU
		{7D6EED9E-D797-4824-96AD-6C61919CFB48}.Release|Any CPU.Build.0 = Release|Any CPU
		{8CD08792-C485-40ED-B176-9D55F3339EA9}.Debug|Any CPU.ActiveCfg = Debug|Any CPU
		{8CD08792-C485-40ED-B176-9D55F3339EA9}.Debug|Any CPU.Build.0 = Debug|Any CPU
		{8CD08792-C485-40ED-B176-9D55F3339EA9}.Release|Any CPU.ActiveCfg = Release|Any CPU
		{8CD08792-C485-40ED-B176-9D55F3339EA9}.Release|Any CPU.Build.0 = Release|Any CPU
		{A25F423B-455C-4151-9521-E1E9943B3D21}.Debug|Any CPU.ActiveCfg = Debug|Any CPU
		{A25F423B-455C-4151-9521-E1E9943B3D21}.Debug|Any CPU.Build.0 = Debug|Any CPU
		{A25F423B-455C-4151-9521-E1E9943B3D21}.Release|Any CPU.ActiveCfg = Release|Any CPU
		{A25F423B-455C-4151-9521-E1E9943B3D21}.Release|Any CPU.Build.0 = Release|Any CPU
		{9BE9CFA2-F554-4157-BD0D-5706976976A5}.Debug|Any CPU.ActiveCfg = Debug|Any CPU
		{9BE9CFA2-F554-4157-BD0D-5706976976A5}.Debug|Any CPU.Build.0 = Debug|Any CPU
		{9BE9CFA2-F554-4157-BD0D-5706976976A5}.Release|Any CPU.ActiveCfg = Release|Any CPU
		{9BE9CFA2-F554-4157-BD0D-5706976976A5}.Release|Any CPU.Build.0 = Release|Any CPU
		{917D7DF1-D308-4A1D-89E0-EDFD599922F2}.Debug|Any CPU.ActiveCfg = Debug|Any CPU
		{917D7DF1-D308-4A1D-89E0-EDFD599922F2}.Debug|Any CPU.Build.0 = Debug|Any CPU
		{917D7DF1-D308-4A1D-89E0-EDFD599922F2}.Release|Any CPU.ActiveCfg = Release|Any CPU
		{917D7DF1-D308-4A1D-89E0-EDFD599922F2}.Release|Any CPU.Build.0 = Release|Any CPU
		{E0B922C4-1573-4C80-84A7-E25C116B0DBD}.Debug|Any CPU.ActiveCfg = Debug|Any CPU
		{E0B922C4-1573-4C80-84A7-E25C116B0DBD}.Debug|Any CPU.Build.0 = Debug|Any CPU
		{E0B922C4-1573-4C80-84A7-E25C116B0DBD}.Release|Any CPU.ActiveCfg = Release|Any CPU
		{E0B922C4-1573-4C80-84A7-E25C116B0DBD}.Release|Any CPU.Build.0 = Release|Any CPU
		{7A8482A6-8F12-43A6-BA2F-FB925BB3611A}.Debug|Any CPU.ActiveCfg = Debug|Any CPU
		{7A8482A6-8F12-43A6-BA2F-FB925BB3611A}.Debug|Any CPU.Build.0 = Debug|Any CPU
		{7A8482A6-8F12-43A6-BA2F-FB925BB3611A}.Release|Any CPU.ActiveCfg = Release|Any CPU
		{7A8482A6-8F12-43A6-BA2F-FB925BB3611A}.Release|Any CPU.Build.0 = Release|Any CPU
		{597079E1-989A-4A4E-8059-1313CE59096D}.Debug|Any CPU.ActiveCfg = Debug|Any CPU
		{597079E1-989A-4A4E-8059-1313CE59096D}.Debug|Any CPU.Build.0 = Debug|Any CPU
		{597079E1-989A-4A4E-8059-1313CE59096D}.Release|Any CPU.ActiveCfg = Release|Any CPU
		{597079E1-989A-4A4E-8059-1313CE59096D}.Release|Any CPU.Build.0 = Release|Any CPU
		{73C4F857-4BB3-4E86-BEF8-F46C2AF328D8}.Debug|Any CPU.ActiveCfg = Debug|Any CPU
		{73C4F857-4BB3-4E86-BEF8-F46C2AF328D8}.Debug|Any CPU.Build.0 = Debug|Any CPU
		{73C4F857-4BB3-4E86-BEF8-F46C2AF328D8}.Release|Any CPU.ActiveCfg = Release|Any CPU
		{73C4F857-4BB3-4E86-BEF8-F46C2AF328D8}.Release|Any CPU.Build.0 = Release|Any CPU
		{0B752F44-71A1-4898-BD83-6B767345C625}.Debug|Any CPU.ActiveCfg = Debug|Any CPU
		{0B752F44-71A1-4898-BD83-6B767345C625}.Debug|Any CPU.Build.0 = Debug|Any CPU
		{0B752F44-71A1-4898-BD83-6B767345C625}.Release|Any CPU.ActiveCfg = Release|Any CPU
		{0B752F44-71A1-4898-BD83-6B767345C625}.Release|Any CPU.Build.0 = Release|Any CPU
		{78206FAB-2D28-4AB1-9A2D-32C07769941D}.Debug|Any CPU.ActiveCfg = Debug|Any CPU
		{78206FAB-2D28-4AB1-9A2D-32C07769941D}.Debug|Any CPU.Build.0 = Debug|Any CPU
		{78206FAB-2D28-4AB1-9A2D-32C07769941D}.Release|Any CPU.ActiveCfg = Release|Any CPU
		{78206FAB-2D28-4AB1-9A2D-32C07769941D}.Release|Any CPU.Build.0 = Release|Any CPU
	EndGlobalSection
	GlobalSection(SolutionProperties) = preSolution
		HideSolutionNode = FALSE
	EndGlobalSection
	GlobalSection(NestedProjects) = preSolution
		{2784F86C-EE5B-4176-AC79-EA0DB762CCFE} = {E38B3025-ECF5-48DB-BA86-905F0017FBE8}
		{7D6EED9E-D797-4824-96AD-6C61919CFB48} = {E38B3025-ECF5-48DB-BA86-905F0017FBE8}
		{8CD08792-C485-40ED-B176-9D55F3339EA9} = {C9EA26D9-80F1-433C-8546-C2B5FB7CA8A4}
		{A25F423B-455C-4151-9521-E1E9943B3D21} = {C9EA26D9-80F1-433C-8546-C2B5FB7CA8A4}
		{9BE9CFA2-F554-4157-BD0D-5706976976A5} = {B46D4C42-D96B-4110-83AB-212680D39578}
		{917D7DF1-D308-4A1D-89E0-EDFD599922F2} = {B46D4C42-D96B-4110-83AB-212680D39578}
		{E0B922C4-1573-4C80-84A7-E25C116B0DBD} = {46959E8A-FD31-41AE-A195-E03D0DF945B4}
		{7A8482A6-8F12-43A6-BA2F-FB925BB3611A} = {46959E8A-FD31-41AE-A195-E03D0DF945B4}
		{597079E1-989A-4A4E-8059-1313CE59096D} = {BAA0D464-A08E-40E6-B43A-10568C3E7F1E}
		{73C4F857-4BB3-4E86-BEF8-F46C2AF328D8} = {BAA0D464-A08E-40E6-B43A-10568C3E7F1E}
		{0B752F44-71A1-4898-BD83-6B767345C625} = {55147406-6621-4841-9E65-C28AAD03884C}
		{78206FAB-2D28-4AB1-9A2D-32C07769941D} = {55147406-6621-4841-9E65-C28AAD03884C}
	EndGlobalSection
	GlobalSection(ExtensibilityGlobals) = postSolution
		SolutionGuid = {22A75822-3C36-4529-B369-1F5A7653AD59}
	EndGlobalSection
EndGlobal
