
Microsoft Visual Studio Solution File, Format Version 12.00
# Visual Studio Version 16
VisualStudioVersion = 16.0.29123.88
MinimumVisualStudioVersion = 10.0.40219.1
Project("{2150E333-8FDC-42A3-9474-1A3956D46DE8}") = "Exercise_1", "Exercise_1", "{5F125502-0108-4EF8-A6C8-647718C0DA24}"
EndProject
Project("{FAE04EC0-301F-11D3-BF4B-00C04F79EFBC}") = "Exercise_1", "Exercise_1\Exercise_1.csproj", "{3D26D97E-D53F-4B51-A0AA-3F6F0D419176}"
EndProject
Project("{FAE04EC0-301F-11D3-BF4B-00C04F79EFBC}") = "Exercise_1.Tests", "Exercise_1.Tests\Exercise_1.Tests.csproj", "{D54AA593-E27F-432B-98E1-EF0ED2ACB974}"
EndProject
Project("{2150E333-8FDC-42A3-9474-1A3956D46DE8}") = "Exercise_2", "Exercise_2", "{ACD52841-5CB2-4F57-A212-7BE81C5F3395}"
EndProject
Project("{FAE04EC0-301F-11D3-BF4B-00C04F79EFBC}") = "Exercise_2", "Exercise_2\Exercise_2.csproj", "{28C5C8F8-E6AE-4D13-98D7-DF39B7E24E9E}"
EndProject
Project("{FAE04EC0-301F-11D3-BF4B-00C04F79EFBC}") = "IsOddOrEven.Tests", "IsOddOrEven.Tests\IsOddOrEven.Tests.csproj", "{06338E5C-1DB8-4339-81B1-E6E3687EBCA5}"
EndProject
Project("{2150E333-8FDC-42A3-9474-1A3956D46DE8}") = "Exercise_6", "Exercise_6", "{9F5B90E3-3CFF-4FBF-B38A-375C8E938CC6}"
EndProject
Project("{FAE04EC0-301F-11D3-BF4B-00C04F79EFBC}") = "CozaWozaLoza", "CozaWozaLoza\CozaWozaLoza.csproj", "{FCAE04FC-5B3B-469B-BE3C-3801BD3AEDA0}"
EndProject
Project("{FAE04EC0-301F-11D3-BF4B-00C04F79EFBC}") = "CozaWozaLoza.Tests", "CozaWozaLoza.Tests\CozaWozaLoza.Tests.csproj", "{4D9E1CF7-853C-47EF-9752-AB60C3069AC3}"
EndProject
Project("{2150E333-8FDC-42A3-9474-1A3956D46DE8}") = "Exercise_7", "Exercise_7", "{0F3F5B27-5919-43C8-AFC7-ED87EFAD4DEE}"
EndProject
Project("{FAE04EC0-301F-11D3-BF4B-00C04F79EFBC}") = "GravityCalculator", "GravityCalculator\GravityCalculator.csproj", "{8A7F499D-9F0B-4698-8C2F-26CFD011DC4E}"
EndProject
Project("{FAE04EC0-301F-11D3-BF4B-00C04F79EFBC}") = "GravityCalculator.Tests", "GravityCalculator.Tests\GravityCalculator.Tests.csproj", "{279C8E89-2498-4262-A0EB-BBCD2F1394D4}"
EndProject
Project("{2150E333-8FDC-42A3-9474-1A3956D46DE8}") = "Exercise_8", "Exercise_8", "{18EC56C5-74BB-4EC6-934B-F9D7682B20CD}"
EndProject
Project("{FAE04EC0-301F-11D3-BF4B-00C04F79EFBC}") = "Exercise_8", "Exercise_8\Exercise_8.csproj", "{B589642D-A699-4B4B-AD22-7917F763B027}"
EndProject
Project("{FAE04EC0-301F-11D3-BF4B-00C04F79EFBC}") = "SalaryCalculator.Tests", "SalaryCalculator.Tests\SalaryCalculator.Tests.csproj", "{1FACBCFE-CDC6-40CF-9E28-4E15962E3381}"
EndProject
Project("{2150E333-8FDC-42A3-9474-1A3956D46DE8}") = "Exercise_10", "Exercise_10", "{020CFEB1-70E7-42EF-9285-6876CEF646B4}"
EndProject
Project("{FAE04EC0-301F-11D3-BF4B-00C04F79EFBC}") = "CalculateArea", "CalculateArea\CalculateArea.csproj", "{F6C01BFD-5281-4AD6-889C-6432565661A2}"
EndProject
Project("{FAE04EC0-301F-11D3-BF4B-00C04F79EFBC}") = "CalculateArea.Tests", "CalculateArea.Tests\CalculateArea.Tests.csproj", "{0C6E76B5-E0CA-44B3-9C94-E6DFC0755AC2}"
EndProject
Global
	GlobalSection(SolutionConfigurationPlatforms) = preSolution
		Debug|Any CPU = Debug|Any CPU
		Release|Any CPU = Release|Any CPU
	EndGlobalSection
	GlobalSection(ProjectConfigurationPlatforms) = postSolution
		{3D26D97E-D53F-4B51-A0AA-3F6F0D419176}.Debug|Any CPU.ActiveCfg = Debug|Any CPU
		{3D26D97E-D53F-4B51-A0AA-3F6F0D419176}.Debug|Any CPU.Build.0 = Debug|Any CPU
		{3D26D97E-D53F-4B51-A0AA-3F6F0D419176}.Release|Any CPU.ActiveCfg = Release|Any CPU
		{3D26D97E-D53F-4B51-A0AA-3F6F0D419176}.Release|Any CPU.Build.0 = Release|Any CPU
		{D54AA593-E27F-432B-98E1-EF0ED2ACB974}.Debug|Any CPU.ActiveCfg = Debug|Any CPU
		{D54AA593-E27F-432B-98E1-EF0ED2ACB974}.Debug|Any CPU.Build.0 = Debug|Any CPU
		{D54AA593-E27F-432B-98E1-EF0ED2ACB974}.Release|Any CPU.ActiveCfg = Release|Any CPU
		{D54AA593-E27F-432B-98E1-EF0ED2ACB974}.Release|Any CPU.Build.0 = Release|Any CPU
		{28C5C8F8-E6AE-4D13-98D7-DF39B7E24E9E}.Debug|Any CPU.ActiveCfg = Debug|Any CPU
		{28C5C8F8-E6AE-4D13-98D7-DF39B7E24E9E}.Debug|Any CPU.Build.0 = Debug|Any CPU
		{28C5C8F8-E6AE-4D13-98D7-DF39B7E24E9E}.Release|Any CPU.ActiveCfg = Release|Any CPU
		{28C5C8F8-E6AE-4D13-98D7-DF39B7E24E9E}.Release|Any CPU.Build.0 = Release|Any CPU
		{06338E5C-1DB8-4339-81B1-E6E3687EBCA5}.Debug|Any CPU.ActiveCfg = Debug|Any CPU
		{06338E5C-1DB8-4339-81B1-E6E3687EBCA5}.Debug|Any CPU.Build.0 = Debug|Any CPU
		{06338E5C-1DB8-4339-81B1-E6E3687EBCA5}.Release|Any CPU.ActiveCfg = Release|Any CPU
		{06338E5C-1DB8-4339-81B1-E6E3687EBCA5}.Release|Any CPU.Build.0 = Release|Any CPU
		{FCAE04FC-5B3B-469B-BE3C-3801BD3AEDA0}.Debug|Any CPU.ActiveCfg = Debug|Any CPU
		{FCAE04FC-5B3B-469B-BE3C-3801BD3AEDA0}.Debug|Any CPU.Build.0 = Debug|Any CPU
		{FCAE04FC-5B3B-469B-BE3C-3801BD3AEDA0}.Release|Any CPU.ActiveCfg = Release|Any CPU
		{FCAE04FC-5B3B-469B-BE3C-3801BD3AEDA0}.Release|Any CPU.Build.0 = Release|Any CPU
		{4D9E1CF7-853C-47EF-9752-AB60C3069AC3}.Debug|Any CPU.ActiveCfg = Debug|Any CPU
		{4D9E1CF7-853C-47EF-9752-AB60C3069AC3}.Debug|Any CPU.Build.0 = Debug|Any CPU
		{4D9E1CF7-853C-47EF-9752-AB60C3069AC3}.Release|Any CPU.ActiveCfg = Release|Any CPU
		{4D9E1CF7-853C-47EF-9752-AB60C3069AC3}.Release|Any CPU.Build.0 = Release|Any CPU
		{8A7F499D-9F0B-4698-8C2F-26CFD011DC4E}.Debug|Any CPU.ActiveCfg = Debug|Any CPU
		{8A7F499D-9F0B-4698-8C2F-26CFD011DC4E}.Debug|Any CPU.Build.0 = Debug|Any CPU
		{8A7F499D-9F0B-4698-8C2F-26CFD011DC4E}.Release|Any CPU.ActiveCfg = Release|Any CPU
		{8A7F499D-9F0B-4698-8C2F-26CFD011DC4E}.Release|Any CPU.Build.0 = Release|Any CPU
		{279C8E89-2498-4262-A0EB-BBCD2F1394D4}.Debug|Any CPU.ActiveCfg = Debug|Any CPU
		{279C8E89-2498-4262-A0EB-BBCD2F1394D4}.Debug|Any CPU.Build.0 = Debug|Any CPU
		{279C8E89-2498-4262-A0EB-BBCD2F1394D4}.Release|Any CPU.ActiveCfg = Release|Any CPU
		{279C8E89-2498-4262-A0EB-BBCD2F1394D4}.Release|Any CPU.Build.0 = Release|Any CPU
		{B589642D-A699-4B4B-AD22-7917F763B027}.Debug|Any CPU.ActiveCfg = Debug|Any CPU
		{B589642D-A699-4B4B-AD22-7917F763B027}.Debug|Any CPU.Build.0 = Debug|Any CPU
		{B589642D-A699-4B4B-AD22-7917F763B027}.Release|Any CPU.ActiveCfg = Release|Any CPU
		{B589642D-A699-4B4B-AD22-7917F763B027}.Release|Any CPU.Build.0 = Release|Any CPU
		{1FACBCFE-CDC6-40CF-9E28-4E15962E3381}.Debug|Any CPU.ActiveCfg = Debug|Any CPU
		{1FACBCFE-CDC6-40CF-9E28-4E15962E3381}.Debug|Any CPU.Build.0 = Debug|Any CPU
		{1FACBCFE-CDC6-40CF-9E28-4E15962E3381}.Release|Any CPU.ActiveCfg = Release|Any CPU
		{1FACBCFE-CDC6-40CF-9E28-4E15962E3381}.Release|Any CPU.Build.0 = Release|Any CPU
		{F6C01BFD-5281-4AD6-889C-6432565661A2}.Debug|Any CPU.ActiveCfg = Debug|Any CPU
		{F6C01BFD-5281-4AD6-889C-6432565661A2}.Debug|Any CPU.Build.0 = Debug|Any CPU
		{F6C01BFD-5281-4AD6-889C-6432565661A2}.Release|Any CPU.ActiveCfg = Release|Any CPU
		{F6C01BFD-5281-4AD6-889C-6432565661A2}.Release|Any CPU.Build.0 = Release|Any CPU
		{0C6E76B5-E0CA-44B3-9C94-E6DFC0755AC2}.Debug|Any CPU.ActiveCfg = Debug|Any CPU
		{0C6E76B5-E0CA-44B3-9C94-E6DFC0755AC2}.Debug|Any CPU.Build.0 = Debug|Any CPU
		{0C6E76B5-E0CA-44B3-9C94-E6DFC0755AC2}.Release|Any CPU.ActiveCfg = Release|Any CPU
		{0C6E76B5-E0CA-44B3-9C94-E6DFC0755AC2}.Release|Any CPU.Build.0 = Release|Any CPU
	EndGlobalSection
	GlobalSection(SolutionProperties) = preSolution
		HideSolutionNode = FALSE
	EndGlobalSection
	GlobalSection(NestedProjects) = preSolution
		{3D26D97E-D53F-4B51-A0AA-3F6F0D419176} = {5F125502-0108-4EF8-A6C8-647718C0DA24}
		{D54AA593-E27F-432B-98E1-EF0ED2ACB974} = {5F125502-0108-4EF8-A6C8-647718C0DA24}
		{28C5C8F8-E6AE-4D13-98D7-DF39B7E24E9E} = {ACD52841-5CB2-4F57-A212-7BE81C5F3395}
		{06338E5C-1DB8-4339-81B1-E6E3687EBCA5} = {ACD52841-5CB2-4F57-A212-7BE81C5F3395}
		{FCAE04FC-5B3B-469B-BE3C-3801BD3AEDA0} = {9F5B90E3-3CFF-4FBF-B38A-375C8E938CC6}
		{4D9E1CF7-853C-47EF-9752-AB60C3069AC3} = {9F5B90E3-3CFF-4FBF-B38A-375C8E938CC6}
		{8A7F499D-9F0B-4698-8C2F-26CFD011DC4E} = {0F3F5B27-5919-43C8-AFC7-ED87EFAD4DEE}
		{279C8E89-2498-4262-A0EB-BBCD2F1394D4} = {0F3F5B27-5919-43C8-AFC7-ED87EFAD4DEE}
		{B589642D-A699-4B4B-AD22-7917F763B027} = {18EC56C5-74BB-4EC6-934B-F9D7682B20CD}
		{1FACBCFE-CDC6-40CF-9E28-4E15962E3381} = {18EC56C5-74BB-4EC6-934B-F9D7682B20CD}
		{F6C01BFD-5281-4AD6-889C-6432565661A2} = {020CFEB1-70E7-42EF-9285-6876CEF646B4}
		{0C6E76B5-E0CA-44B3-9C94-E6DFC0755AC2} = {020CFEB1-70E7-42EF-9285-6876CEF646B4}
	EndGlobalSection
	GlobalSection(ExtensibilityGlobals) = postSolution
		SolutionGuid = {22A75822-3C36-4529-B369-1F5A7653AD59}
	EndGlobalSection
EndGlobal
