
Microsoft Visual Studio Solution File, Format Version 12.00
# Visual Studio Version 16
VisualStudioVersion = 16.0.31205.134
MinimumVisualStudioVersion = 10.0.40219.1
Project("{9A19103F-16F7-4668-BE54-9A1E7A4F7556}") = "AdApp", "AdApp.csproj", "{9A070DA0-D9D6-4148-B73C-7EBFE10A0CED}"
EndProject
Global
	GlobalSection(SolutionConfigurationPlatforms) = preSolution
		Debug|Any CPU = Debug|Any CPU
		Release|Any CPU = Release|Any CPU
	EndGlobalSection
	GlobalSection(ProjectConfigurationPlatforms) = postSolution
		{9A070DA0-D9D6-4148-B73C-7EBFE10A0CED}.Debug|Any CPU.ActiveCfg = Debug|Any CPU
		{9A070DA0-D9D6-4148-B73C-7EBFE10A0CED}.Debug|Any CPU.Build.0 = Debug|Any CPU
		{9A070DA0-D9D6-4148-B73C-7EBFE10A0CED}.Release|Any CPU.ActiveCfg = Release|Any CPU
		{9A070DA0-D9D6-4148-B73C-7EBFE10A0CED}.Release|Any CPU.Build.0 = Release|Any CPU
	EndGlobalSection
	GlobalSection(SolutionProperties) = preSolution
		HideSolutionNode = FALSE
	EndGlobalSection
	GlobalSection(ExtensibilityGlobals) = postSolution
		SolutionGuid = {46D4096B-00D3-455D-A990-9D84ADBA791D}
	EndGlobalSection
EndGlobal
