
Microsoft Visual Studio Solution File, Format Version 12.00
# Visual Studio Version 16
VisualStudioVersion = 16.0.31205.134
MinimumVisualStudioVersion = 10.0.40219.1
Project("{2150E333-8FDC-42A3-9474-1A3956D46DE8}") = "ClassesAndObjectsExercise1", "ClassesAndObjectsExercise1", "{A1007C60-4C99-4DE2-8064-9FA383D075C6}"
EndProject
Project("{2150E333-8FDC-42A3-9474-1A3956D46DE8}") = "ClassesAndObjectsExercise12", "ClassesAndObjectsExercise12", "{E2C6479A-E196-49F6-8D54-E345A7C92393}"
EndProject
Project("{2150E333-8FDC-42A3-9474-1A3956D46DE8}") = "ClassesAndObjectsExercise5", "ClassesAndObjectsExercise5", "{0F927BE6-0595-4DD3-948F-E15647947AF6}"
EndProject
Project("{2150E333-8FDC-42A3-9474-1A3956D46DE8}") = "PolymorphismExercise1", "PolymorphismExercise1", "{8D3FAC05-C278-4F4C-B61C-91398A7DD955}"
EndProject
Project("{2150E333-8FDC-42A3-9474-1A3956D46DE8}") = "PolymorphismExercise6", "PolymorphismExercise6", "{8DAF7C57-143E-4F57-9B4E-E9741304B5C9}"
EndProject
Project("{FAE04EC0-301F-11D3-BF4B-00C04F79EFBC}") = "Product", "Product\Product.csproj", "{27D07BC1-50B2-402A-B057-3E1D14265419}"
EndProject
Project("{FAE04EC0-301F-11D3-BF4B-00C04F79EFBC}") = "Product.Tests", "Product.Tests\Product.Tests.csproj", "{99A2E26C-61BF-40FE-9B8E-B2E21DB9B59D}"
EndProject
Project("{FAE04EC0-301F-11D3-BF4B-00C04F79EFBC}") = "Date", "Date\Date.csproj", "{4C8B3E1F-7FD2-4660-BBBE-6BD772CC8017}"
EndProject
Project("{FAE04EC0-301F-11D3-BF4B-00C04F79EFBC}") = "Date.Tests", "Date.Tests\Date.Tests.csproj", "{E7548BB9-7ECE-4045-AB67-2ECB1D663C4F}"
EndProject
Project("{FAE04EC0-301F-11D3-BF4B-00C04F79EFBC}") = "Account", "Account\Account.csproj", "{B25B649A-C27F-4BF0-AB5D-537E5B5B0DD8}"
EndProject
Project("{FAE04EC0-301F-11D3-BF4B-00C04F79EFBC}") = "Account.Tests", "Account.Tests\Account.Tests.csproj", "{19CB4D21-0D01-4E75-B2C2-D76D6B5E4E21}"
EndProject
Project("{FAE04EC0-301F-11D3-BF4B-00C04F79EFBC}") = "DragRace", "DragRace\DragRace.csproj", "{351F3D77-38C7-41BC-961D-4F4D95205146}"
EndProject
Project("{FAE04EC0-301F-11D3-BF4B-00C04F79EFBC}") = "DragRace.Tests", "DragRace.Tests\DragRace.Tests.csproj", "{0B5BF0A4-F5BC-43E8-B5E0-8C4D8D3711D0}"
EndProject
Project("{FAE04EC0-301F-11D3-BF4B-00C04F79EFBC}") = "Hierarchy", "Hierarchy\Hierarchy.csproj", "{6C5EC66E-C27D-4211-B8AA-DB64FB0D61B4}"
EndProject
Project("{FAE04EC0-301F-11D3-BF4B-00C04F79EFBC}") = "Hierarchy.Tests", "Hierarchy.Tests\Hierarchy.Tests.csproj", "{9FCC1B1F-4D51-4242-BB53-451A110D88A8}"
EndProject
Global
	GlobalSection(SolutionConfigurationPlatforms) = preSolution
		Debug|Any CPU = Debug|Any CPU
		Release|Any CPU = Release|Any CPU
	EndGlobalSection
	GlobalSection(ProjectConfigurationPlatforms) = postSolution
		{27D07BC1-50B2-402A-B057-3E1D14265419}.Debug|Any CPU.ActiveCfg = Debug|Any CPU
		{27D07BC1-50B2-402A-B057-3E1D14265419}.Debug|Any CPU.Build.0 = Debug|Any CPU
		{27D07BC1-50B2-402A-B057-3E1D14265419}.Release|Any CPU.ActiveCfg = Release|Any CPU
		{27D07BC1-50B2-402A-B057-3E1D14265419}.Release|Any CPU.Build.0 = Release|Any CPU
		{99A2E26C-61BF-40FE-9B8E-B2E21DB9B59D}.Debug|Any CPU.ActiveCfg = Debug|Any CPU
		{99A2E26C-61BF-40FE-9B8E-B2E21DB9B59D}.Debug|Any CPU.Build.0 = Debug|Any CPU
		{99A2E26C-61BF-40FE-9B8E-B2E21DB9B59D}.Release|Any CPU.ActiveCfg = Release|Any CPU
		{99A2E26C-61BF-40FE-9B8E-B2E21DB9B59D}.Release|Any CPU.Build.0 = Release|Any CPU
		{4C8B3E1F-7FD2-4660-BBBE-6BD772CC8017}.Debug|Any CPU.ActiveCfg = Debug|Any CPU
		{4C8B3E1F-7FD2-4660-BBBE-6BD772CC8017}.Debug|Any CPU.Build.0 = Debug|Any CPU
		{4C8B3E1F-7FD2-4660-BBBE-6BD772CC8017}.Release|Any CPU.ActiveCfg = Release|Any CPU
		{4C8B3E1F-7FD2-4660-BBBE-6BD772CC8017}.Release|Any CPU.Build.0 = Release|Any CPU
		{E7548BB9-7ECE-4045-AB67-2ECB1D663C4F}.Debug|Any CPU.ActiveCfg = Debug|Any CPU
		{E7548BB9-7ECE-4045-AB67-2ECB1D663C4F}.Debug|Any CPU.Build.0 = Debug|Any CPU
		{E7548BB9-7ECE-4045-AB67-2ECB1D663C4F}.Release|Any CPU.ActiveCfg = Release|Any CPU
		{E7548BB9-7ECE-4045-AB67-2ECB1D663C4F}.Release|Any CPU.Build.0 = Release|Any CPU
		{B25B649A-C27F-4BF0-AB5D-537E5B5B0DD8}.Debug|Any CPU.ActiveCfg = Debug|Any CPU
		{B25B649A-C27F-4BF0-AB5D-537E5B5B0DD8}.Debug|Any CPU.Build.0 = Debug|Any CPU
		{B25B649A-C27F-4BF0-AB5D-537E5B5B0DD8}.Release|Any CPU.ActiveCfg = Release|Any CPU
		{B25B649A-C27F-4BF0-AB5D-537E5B5B0DD8}.Release|Any CPU.Build.0 = Release|Any CPU
		{19CB4D21-0D01-4E75-B2C2-D76D6B5E4E21}.Debug|Any CPU.ActiveCfg = Debug|Any CPU
		{19CB4D21-0D01-4E75-B2C2-D76D6B5E4E21}.Debug|Any CPU.Build.0 = Debug|Any CPU
		{19CB4D21-0D01-4E75-B2C2-D76D6B5E4E21}.Release|Any CPU.ActiveCfg = Release|Any CPU
		{19CB4D21-0D01-4E75-B2C2-D76D6B5E4E21}.Release|Any CPU.Build.0 = Release|Any CPU
		{351F3D77-38C7-41BC-961D-4F4D95205146}.Debug|Any CPU.ActiveCfg = Debug|Any CPU
		{351F3D77-38C7-41BC-961D-4F4D95205146}.Debug|Any CPU.Build.0 = Debug|Any CPU
		{351F3D77-38C7-41BC-961D-4F4D95205146}.Release|Any CPU.ActiveCfg = Release|Any CPU
		{351F3D77-38C7-41BC-961D-4F4D95205146}.Release|Any CPU.Build.0 = Release|Any CPU
		{0B5BF0A4-F5BC-43E8-B5E0-8C4D8D3711D0}.Debug|Any CPU.ActiveCfg = Debug|Any CPU
		{0B5BF0A4-F5BC-43E8-B5E0-8C4D8D3711D0}.Debug|Any CPU.Build.0 = Debug|Any CPU
		{0B5BF0A4-F5BC-43E8-B5E0-8C4D8D3711D0}.Release|Any CPU.ActiveCfg = Release|Any CPU
		{0B5BF0A4-F5BC-43E8-B5E0-8C4D8D3711D0}.Release|Any CPU.Build.0 = Release|Any CPU
		{6C5EC66E-C27D-4211-B8AA-DB64FB0D61B4}.Debug|Any CPU.ActiveCfg = Debug|Any CPU
		{6C5EC66E-C27D-4211-B8AA-DB64FB0D61B4}.Debug|Any CPU.Build.0 = Debug|Any CPU
		{6C5EC66E-C27D-4211-B8AA-DB64FB0D61B4}.Release|Any CPU.ActiveCfg = Release|Any CPU
		{6C5EC66E-C27D-4211-B8AA-DB64FB0D61B4}.Release|Any CPU.Build.0 = Release|Any CPU
		{9FCC1B1F-4D51-4242-BB53-451A110D88A8}.Debug|Any CPU.ActiveCfg = Debug|Any CPU
		{9FCC1B1F-4D51-4242-BB53-451A110D88A8}.Debug|Any CPU.Build.0 = Debug|Any CPU
		{9FCC1B1F-4D51-4242-BB53-451A110D88A8}.Release|Any CPU.ActiveCfg = Release|Any CPU
		{9FCC1B1F-4D51-4242-BB53-451A110D88A8}.Release|Any CPU.Build.0 = Release|Any CPU
	EndGlobalSection
	GlobalSection(SolutionProperties) = preSolution
		HideSolutionNode = FALSE
	EndGlobalSection
	GlobalSection(NestedProjects) = preSolution
		{27D07BC1-50B2-402A-B057-3E1D14265419} = {A1007C60-4C99-4DE2-8064-9FA383D075C6}
		{99A2E26C-61BF-40FE-9B8E-B2E21DB9B59D} = {A1007C60-4C99-4DE2-8064-9FA383D075C6}
		{4C8B3E1F-7FD2-4660-BBBE-6BD772CC8017} = {0F927BE6-0595-4DD3-948F-E15647947AF6}
		{E7548BB9-7ECE-4045-AB67-2ECB1D663C4F} = {0F927BE6-0595-4DD3-948F-E15647947AF6}
		{B25B649A-C27F-4BF0-AB5D-537E5B5B0DD8} = {E2C6479A-E196-49F6-8D54-E345A7C92393}
		{19CB4D21-0D01-4E75-B2C2-D76D6B5E4E21} = {E2C6479A-E196-49F6-8D54-E345A7C92393}
		{351F3D77-38C7-41BC-961D-4F4D95205146} = {8D3FAC05-C278-4F4C-B61C-91398A7DD955}
		{0B5BF0A4-F5BC-43E8-B5E0-8C4D8D3711D0} = {8D3FAC05-C278-4F4C-B61C-91398A7DD955}
		{6C5EC66E-C27D-4211-B8AA-DB64FB0D61B4} = {8DAF7C57-143E-4F57-9B4E-E9741304B5C9}
		{9FCC1B1F-4D51-4242-BB53-451A110D88A8} = {8DAF7C57-143E-4F57-9B4E-E9741304B5C9}
	EndGlobalSection
	GlobalSection(ExtensibilityGlobals) = postSolution
		SolutionGuid = {E7DA16E5-5776-4CB9-8807-F9C45B6ECD08}
	EndGlobalSection
EndGlobal
